// !$*UTF8*$!
{
	archiveVersion = 1;
	classes = {
	};
	objectVersion = 46;
	objects = {

/* Begin PBXBuildFile section */
		C59795F71EB1CA5100625300 /* main.m in Sources */ = {isa = PBXBuildFile; fileRef = C59795F61EB1CA5100625300 /* main.m */; };
		C59795FA1EB1CA5100625300 /* AppDelegate.m in Sources */ = {isa = PBXBuildFile; fileRef = C59795F91EB1CA5100625300 /* AppDelegate.m */; };
		C59795FD1EB1CA5100625300 /* ViewController.m in Sources */ = {isa = PBXBuildFile; fileRef = C59795FC1EB1CA5100625300 /* ViewController.m */; };
		C59796001EB1CA5100625300 /* Main.storyboard in Resources */ = {isa = PBXBuildFile; fileRef = C59795FE1EB1CA5100625300 /* Main.storyboard */; };
		C59796021EB1CA5100625300 /* Assets.xcassets in Resources */ = {isa = PBXBuildFile; fileRef = C59796011EB1CA5100625300 /* Assets.xcassets */; };
		C59796051EB1CA5100625300 /* LaunchScreen.storyboard in Resources */ = {isa = PBXBuildFile; fileRef = C59796031EB1CA5100625300 /* LaunchScreen.storyboard */; };
		C597960F1EB1CA7D00625300 /* BingView.m in Sources */ = {isa = PBXBuildFile; fileRef = C597960E1EB1CA7D00625300 /* BingView.m */; };
/* End PBXBuildFile section */

/* Begin PBXFileReference section */
		C59795F21EB1CA5100625300 /* Demo.app */ = {isa = PBXFileReference; explicitFileType = wrapper.application; includeInIndex = 0; path = Demo.app; sourceTree = BUILT_PRODUCTS_DIR; };
		C59795F61EB1CA5100625300 /* main.m */ = {isa = PBXFileReference; lastKnownFileType = sourcecode.c.objc; path = main.m; sourceTree = "<group>"; };
		C59795F81EB1CA5100625300 /* AppDelegate.h */ = {isa = PBXFileReference; lastKnownFileType = sourcecode.c.h; path = AppDelegate.h; sourceTree = "<group>"; };
		C59795F91EB1CA5100625300 /* AppDelegate.m */ = {isa = PBXFileReference; lastKnownFileType = sourcecode.c.objc; path = AppDelegate.m; sourceTree = "<group>"; };
		C59795FB1EB1CA5100625300 /* ViewController.h */ = {isa = PBXFileReference; lastKnownFileType = sourcecode.c.h; path = ViewController.h; sourceTree = "<group>"; };
		C59795FC1EB1CA5100625300 /* ViewController.m */ = {isa = PBXFileReference; lastKnownFileType = sourcecode.c.objc; path = ViewController.m; sourceTree = "<group>"; };
		C59795FF1EB1CA5100625300 /* Base */ = {isa = PBXFileReference; lastKnownFileType = file.storyboard; name = Base; path = Base.lproj/Main.storyboard; sourceTree = "<group>"; };
		C59796011EB1CA5100625300 /* Assets.xcassets */ = {isa = PBXFileReference; lastKnownFileType = folder.assetcatalog; path = Assets.xcassets; sourceTree = "<group>"; };
		C59796041EB1CA5100625300 /* Base */ = {isa = PBXFileReference; lastKnownFileType = file.storyboard; name = Base; path = Base.lproj/LaunchScreen.storyboard; sourceTree = "<group>"; };
		C59796061EB1CA5100625300 /* Info.plist */ = {isa = PBXFileReference; lastKnownFileType = text.plist.xml; path = Info.plist; sourceTree = "<group>"; };
		C597960D1EB1CA7D00625300 /* BingView.h */ = {isa = PBXFileReference; fileEncoding = 4; lastKnownFileType = sourcecode.c.h; path = BingView.h; sourceTree = "<group>"; };
		C597960E1EB1CA7D00625300 /* BingView.m */ = {isa = PBXFileReference; fileEncoding = 4; lastKnownFileType = sourcecode.c.objc; path = BingView.m; sourceTree = "<group>"; };
/* End PBXFileReference section */

/* Begin PBXFrameworksBuildPhase section */
		C59795EF1EB1CA5100625300 /* Frameworks */ = {
			isa = PBXFrameworksBuildPhase;
			buildActionMask = 2147483647;
			files = (
			);
			runOnlyForDeploymentPostprocessing = 0;
		};
/* End PBXFrameworksBuildPhase section */

/* Begin PBXGroup section */
		C59795E91EB1CA5100625300 = {
			isa = PBXGroup;
			children = (
				C597960C1EB1CA7D00625300 /* PaulTest */,
				C59795F41EB1CA5100625300 /* Demo */,
				C59795F31EB1CA5100625300 /* Products */,
			);
			sourceTree = "<group>";
		};
		C59795F31EB1CA5100625300 /* Products */ = {
			isa = PBXGroup;
			children = (
				C59795F21EB1CA5100625300 /* Demo.app */,
			);
			name = Products;
			sourceTree = "<group>";
		};
		C59795F41EB1CA5100625300 /* Demo */ = {
			isa = PBXGroup;
			children = (
				C59795F81EB1CA5100625300 /* AppDelegate.h */,
				C59795F91EB1CA5100625300 /* AppDelegate.m */,
				C59795FB1EB1CA5100625300 /* ViewController.h */,
				C59795FC1EB1CA5100625300 /* ViewController.m */,
				C59795FE1EB1CA5100625300 /* Main.storyboard */,
				C59796011EB1CA5100625300 /* Assets.xcassets */,
				C59796031EB1CA5100625300 /* LaunchScreen.storyboard */,
				C59796061EB1CA5100625300 /* Info.plist */,
				C59795F51EB1CA5100625300 /* Supporting Files */,
			);
			path = Demo;
			sourceTree = "<group>";
		};
		C59795F51EB1CA5100625300 /* Supporting Files */ = {
			isa = PBXGroup;
			children = (
				C59795F61EB1CA5100625300 /* main.m */,
			);
			name = "Supporting Files";
			sourceTree = "<group>";
		};
		C597960C1EB1CA7D00625300 /* PaulTest */ = {
			isa = PBXGroup;
			children = (
				C597960D1EB1CA7D00625300 /* BingView.h */,
				C597960E1EB1CA7D00625300 /* BingView.m */,
			);
			path = PaulTest;
			sourceTree = "<group>";
		};
/* End PBXGroup section */

/* Begin PBXNativeTarget section */
		C59795F11EB1CA5100625300 /* Demo */ = {
			isa = PBXNativeTarget;
			buildConfigurationList = C59796091EB1CA5100625300 /* Build configuration list for PBXNativeTarget "Demo" */;
			buildPhases = (
				C59795EE1EB1CA5100625300 /* Sources */,
				C59795EF1EB1CA5100625300 /* Frameworks */,
				C59795F01EB1CA5100625300 /* Resources */,
			);
			buildRules = (
			);
			dependencies = (
			);
			name = Demo;
			productName = Demo;
			productReference = C59795F21EB1CA5100625300 /* Demo.app */;
			productType = "com.apple.product-type.application";
		};
/* End PBXNativeTarget section */

/* Begin PBXProject section */
		C59795EA1EB1CA5100625300 /* Project object */ = {
			isa = PBXProject;
			attributes = {
				LastUpgradeCheck = 0830;
				ORGANIZATIONNAME = "一个coder";
				TargetAttributes = {
					C59795F11EB1CA5100625300 = {
						CreatedOnToolsVersion = 8.3;
						DevelopmentTeam = 8E9BR39UBQ;
						ProvisioningStyle = Automatic;
					};
				};
			};
			buildConfigurationList = C59795ED1EB1CA5100625300 /* Build configuration list for PBXProject "Demo" */;
			compatibilityVersion = "Xcode 3.2";
			developmentRegion = English;
			hasScannedForEncodings = 0;
			knownRegions = (
				en,
				Base,
			);
			mainGroup = C59795E91EB1CA5100625300;
			productRefGroup = C59795F31EB1CA5100625300 /* Products */;
			projectDirPath = "";
			projectRoot = "";
			targets = (
				C59795F11EB1CA5100625300 /* Demo */,
			);
		};
/* End PBXProject section */

/* Begin PBXResourcesBuildPhase section */
		C59795F01EB1CA5100625300 /* Resources */ = {
			isa = PBXResourcesBuildPhase;
			buildActionMask = 2147483647;
			files = (
				C59796051EB1CA5100625300 /* LaunchScreen.storyboard in Resources */,
				C59796021EB1CA5100625300 /* Assets.xcassets in Resources */,
				C59796001EB1CA5100625300 /* Main.storyboard in Resources */,
			);
			runOnlyForDeploymentPostprocessing = 0;
		};
/* End PBXResourcesBuildPhase section */

/* Begin PBXSourcesBuildPhase section */
		C59795EE1EB1CA5100625300 /* Sources */ = {
			isa = PBXSourcesBuildPhase;
			buildActionMask = 2147483647;
			files = (
				C597960F1EB1CA7D00625300 /* BingView.m in Sources */,
				C59795FD1EB1CA5100625300 /* ViewController.m in Sources */,
				C59795FA1EB1CA5100625300 /* AppDelegate.m in Sources */,
				C59795F71EB1CA5100625300 /* main.m in Sources */,
			);
			runOnlyForDeploymentPostprocessing = 0;
		};
/* End PBXSourcesBuildPhase section */

/* Begin PBXVariantGroup section */
		C59795FE1EB1CA5100625300 /* Main.storyboard */ = {
			isa = PBXVariantGroup;
			children = (
				C59795FF1EB1CA5100625300 /* Base */,
			);
			name = Main.storyboard;
			sourceTree = "<group>";
		};
		C59796031EB1CA5100625300 /* LaunchScreen.storyboard */ = {
			isa = PBXVariantGroup;
			children = (
				C59796041EB1CA5100625300 /* Base */,
			);
			name = LaunchScreen.storyboard;
			sourceTree = "<group>";
		};
/* End PBXVariantGroup section */

/* Begin XCBuildConfiguration section */
		C59796071EB1CA5100625300 /* Debug */ = {
			isa = XCBuildConfiguration;
			buildSettings = {
				ALWAYS_SEARCH_USER_PATHS = NO;
				CLANG_ANALYZER_NONNULL = YES;
				CLANG_ANALYZER_NUMBER_OBJECT_CONVERSION = YES_AGGRESSIVE;
				CLANG_CXX_LANGUAGE_STANDARD = "gnu++0x";
				CLANG_CXX_LIBRARY = "libc++";
				CLANG_ENABLE_MODULES = YES;
				CLANG_ENABLE_OBJC_ARC = YES;
				CLANG_WARN_BOOL_CONVERSION = YES;
				CLANG_WARN_CONSTANT_CONVERSION = YES;
				CLANG_WARN_DIRECT_OBJC_ISA_USAGE = YES_ERROR;
				CLANG_WARN_DOCUMENTATION_COMMENTS = YES;
				CLANG_WARN_EMPTY_BODY = YES;
				CLANG_WARN_ENUM_CONVERSION = YES;
				CLANG_WARN_INFINITE_RECURSION = YES;
				CLANG_WARN_INT_CONVERSION = YES;
				CLANG_WARN_OBJC_ROOT_CLASS = YES_ERROR;
				CLANG_WARN_SUSPICIOUS_MOVE = YES;
				CLANG_WARN_UNREACHABLE_CODE = YES;
				CLANG_WARN__DUPLICATE_METHOD_MATCH = YES;
				"CODE_SIGN_IDENTITY[sdk=iphoneos*]" = "iPhone Developer";
				COPY_PHASE_STRIP = NO;
				DEBUG_INFORMATION_FORMAT = dwarf;
				ENABLE_STRICT_OBJC_MSGSEND = YES;
				ENABLE_TESTABILITY = YES;
				GCC_C_LANGUAGE_STANDARD = gnu99;
				GCC_DYNAMIC_NO_PIC = NO;
				GCC_NO_COMMON_BLOCKS = YES;
				GCC_OPTIMIZATION_LEVEL = 0;
				GCC_PREPROCESSOR_DEFINITIONS = (
					"DEBUG=1",
					"$(inherited)",
				);
				GCC_WARN_64_TO_32_BIT_CONVERSION = YES;
				GCC_WARN_ABOUT_RETURN_TYPE = YES_ERROR;
				GCC_WARN_UNDECLARED_SELECTOR = YES;
				GCC_WARN_UNINITIALIZED_AUTOS = YES_AGGRESSIVE;
				GCC_WARN_UNUSED_FUNCTION = YES;
				GCC_WARN_UNUSED_VARIABLE = YES;
				IPHONEOS_DEPLOYMENT_TARGET = 10.3;
				MTL_ENABLE_DEBUG_INFO = YES;
				ONLY_ACTIVE_ARCH = YES;
				SDKROOT = iphoneos;
			};
			name = Debug;
		};
		C59796081EB1CA5100625300 /* Release */ = {
			isa = XCBuildConfiguration;
			buildSettings = {
				ALWAYS_SEARCH_USER_PATHS = NO;
				CLANG_ANALYZER_NONNULL = YES;
				CLANG_ANALYZER_NUMBER_OBJECT_CONVERSION = YES_AGGRESSIVE;
				CLANG_CXX_LANGUAGE_STANDARD = "gnu++0x";
				CLANG_CXX_LIBRARY = "libc++";
				CLANG_ENABLE_MODULES = YES;
				CLANG_ENABLE_OBJC_ARC = YES;
				CLANG_WARN_BOOL_CONVERSION = YES;
				CLANG_WARN_CONSTANT_CONVERSION = YES;
				CLANG_WARN_DIRECT_OBJC_ISA_USAGE = YES_ERROR;
				CLANG_WARN_DOCUMENTATION_COMMENTS = YES;
				CLANG_WARN_EMPTY_BODY = YES;
				CLANG_WARN_ENUM_CONVERSION = YES;
				CLANG_WARN_INFINITE_RECURSION = YES;
				CLANG_WARN_INT_CONVERSION = YES;
				CLANG_WARN_OBJC_ROOT_CLASS = YES_ERROR;
				CLANG_WARN_SUSPICIOUS_MOVE = YES;
				CLANG_WARN_UNREACHABLE_CODE = YES;
				CLANG_WARN__DUPLICATE_METHOD_MATCH = YES;
				"CODE_SIGN_IDENTITY[sdk=iphoneos*]" = "iPhone Developer";
				COPY_PHASE_STRIP = NO;
				DEBUG_INFORMATION_FORMAT = "dwarf-with-dsym";
				ENABLE_NS_ASSERTIONS = NO;
				ENABLE_STRICT_OBJC_MSGSEND = YES;
				GCC_C_LANGUAGE_STANDARD = gnu99;
				GCC_NO_COMMON_BLOCKS = YES;
				GCC_WARN_64_TO_32_BIT_CONVERSION = YES;
				GCC_WARN_ABOUT_RETURN_TYPE = YES_ERROR;
				GCC_WARN_UNDECLARED_SELECTOR = YES;
				GCC_WARN_UNINITIALIZED_AUTOS = YES_AGGRESSIVE;
				GCC_WARN_UNUSED_FUNCTION = YES;
				GCC_WARN_UNUSED_VARIABLE = YES;
				IPHONEOS_DEPLOYMENT_TARGET = 10.3;
				MTL_ENABLE_DEBUG_INFO = NO;
				SDKROOT = iphoneos;
				VALIDATE_PRODUCT = YES;
			};
			name = Release;
		};
		C597960A1EB1CA5100625300 /* Debug */ = {
			isa = XCBuildConfiguration;
			buildSettings = {
				ASSETCATALOG_COMPILER_APPICON_NAME = AppIcon;
				DEVELOPMENT_TEAM = 8E9BR39UBQ;
				INFOPLIST_FILE = Demo/Info.plist;
				LD_RUNPATH_SEARCH_PATHS = "$(inherited) @executable_path/Frameworks";
				PRODUCT_BUNDLE_IDENTIFIER = com.lcs.Demo;
				PRODUCT_NAME = "$(TARGET_NAME)";
			};
			name = Debug;
		};
		C597960B1EB1CA5100625300 /* Release */ = {
			isa = XCBuildConfiguration;
			buildSettings = {
				ASSETCATALOG_COMPILER_APPICON_NAME = AppIcon;
				DEVELOPMENT_TEAM = 8E9BR39UBQ;
				INFOPLIST_FILE = Demo/Info.plist;
				LD_RUNPATH_SEARCH_PATHS = "$(inherited) @executable_path/Frameworks";
				PRODUCT_BUNDLE_IDENTIFIER = com.lcs.Demo;
				PRODUCT_NAME = "$(TARGET_NAME)";
			};
			name = Release;
		};
/* End XCBuildConfiguration section */

/* Begin XCConfigurationList section */
		C59795ED1EB1CA5100625300 /* Build configuration list for PBXProject "Demo" */ = {
			isa = XCConfigurationList;
			buildConfigurations = (
				C59796071EB1CA5100625300 /* Debug */,
				C59796081EB1CA5100625300 /* Release */,
			);
			defaultConfigurationIsVisible = 0;
			defaultConfigurationName = Release;
		};
		C59796091EB1CA5100625300 /* Build configuration list for PBXNativeTarget "Demo" */ = {
			isa = XCConfigurationList;
			buildConfigurations = (
				C597960A1EB1CA5100625300 /* Debug */,
				C597960B1EB1CA5100625300 /* Release */,
			);
			defaultConfigurationIsVisible = 0;
		};
/* End XCConfigurationList section */
	};
	rootObject = C59795EA1EB1CA5100625300 /* Project object */;
}
